
Microsoft Visual Studio Solution File, Format Version 12.00
# Visual Studio Version 17
VisualStudioVersion = 17.6.33801.468
MinimumVisualStudioVersion = 10.0.40219.1
Project("{FAE04EC0-301F-11D3-BF4B-00C04F79EFBC}") = "tcpchat", "tcpchat\tcpchat.csproj", "{BDDB4F6D-05D7-4AD6-BCF4-A37E8434B057}"
EndProject
Global
	GlobalSection(SolutionConfigurationPlatforms) = preSolution
		Debug|Any CPU = Debug|Any CPU
		Release|Any CPU = Release|Any CPU
	EndGlobalSection
	GlobalSection(ProjectConfigurationPlatforms) = postSolution
		{BDDB4F6D-05D7-4AD6-BCF4-A37E8434B057}.Debug|Any CPU.ActiveCfg = Debug|Any CPU
		{BDDB4F6D-05D7-4AD6-BCF4-A37E8434B057}.Debug|Any CPU.Build.0 = Debug|Any CPU
		{BDDB4F6D-05D7-4AD6-BCF4-A37E8434B057}.Release|Any CPU.ActiveCfg = Release|Any CPU
		{BDDB4F6D-05D7-4AD6-BCF4-A37E8434B057}.Release|Any CPU.Build.0 = Release|Any CPU
	EndGlobalSection
	GlobalSection(SolutionProperties) = preSolution
		HideSolutionNode = FALSE
	EndGlobalSection
	GlobalSection(ExtensibilityGlobals) = postSolution
		SolutionGuid = {BB14027A-4EC7-4168-B670-75416653FAFD}
	EndGlobalSection
EndGlobal
